
Microsoft Visual Studio Solution File, Format Version 12.00
# Visual Studio Version 16
VisualStudioVersion = 16.0.29503.13
MinimumVisualStudioVersion = 10.0.40219.1
Project("{9A19103F-16F7-4668-BE54-9A1E7A4F7556}") = "BankApi", "BankApi\BankApi.csproj", "{D9BF0FDC-AF7E-42EE-8090-BC0AB4078638}"
EndProject
Project("{FAE04EC0-301F-11D3-BF4B-00C04F79EFBC}") = "CustomerPoint", "CustomerPoint\CustomerPoint.csproj", "{6E888FAF-07C7-4943-8475-A7A0E7849414}"
EndProject
Project("{FAE04EC0-301F-11D3-BF4B-00C04F79EFBC}") = "AdminPoint", "AdminPoint\AdminPoint.csproj", "{24CBF200-E409-44B3-BF14-8B6CFBB07815}"
EndProject
Global
	GlobalSection(SolutionConfigurationPlatforms) = preSolution
		Debug|Any CPU = Debug|Any CPU
		Release|Any CPU = Release|Any CPU
	EndGlobalSection
	GlobalSection(ProjectConfigurationPlatforms) = postSolution
		{D9BF0FDC-AF7E-42EE-8090-BC0AB4078638}.Debug|Any CPU.ActiveCfg = Debug|Any CPU
		{D9BF0FDC-AF7E-42EE-8090-BC0AB4078638}.Debug|Any CPU.Build.0 = Debug|Any CPU
		{D9BF0FDC-AF7E-42EE-8090-BC0AB4078638}.Release|Any CPU.ActiveCfg = Release|Any CPU
		{D9BF0FDC-AF7E-42EE-8090-BC0AB4078638}.Release|Any CPU.Build.0 = Release|Any CPU
		{6E888FAF-07C7-4943-8475-A7A0E7849414}.Debug|Any CPU.ActiveCfg = Debug|Any CPU
		{6E888FAF-07C7-4943-8475-A7A0E7849414}.Debug|Any CPU.Build.0 = Debug|Any CPU
		{6E888FAF-07C7-4943-8475-A7A0E7849414}.Release|Any CPU.ActiveCfg = Release|Any CPU
		{6E888FAF-07C7-4943-8475-A7A0E7849414}.Release|Any CPU.Build.0 = Release|Any CPU
		{24CBF200-E409-44B3-BF14-8B6CFBB07815}.Debug|Any CPU.ActiveCfg = Debug|Any CPU
		{24CBF200-E409-44B3-BF14-8B6CFBB07815}.Debug|Any CPU.Build.0 = Debug|Any CPU
		{24CBF200-E409-44B3-BF14-8B6CFBB07815}.Release|Any CPU.ActiveCfg = Release|Any CPU
		{24CBF200-E409-44B3-BF14-8B6CFBB07815}.Release|Any CPU.Build.0 = Release|Any CPU
	EndGlobalSection
	GlobalSection(SolutionProperties) = preSolution
		HideSolutionNode = FALSE
	EndGlobalSection
	GlobalSection(ExtensibilityGlobals) = postSolution
		SolutionGuid = {3D5688DF-4F3B-43A4-A3C4-22D85196CDD2}
	EndGlobalSection
EndGlobal
